
Microsoft Visual Studio Solution File, Format Version 12.00
# Visual Studio 15
VisualStudioVersion = 15.0.28010.2048
MinimumVisualStudioVersion = 10.0.40219.1
Project("{FAE04EC0-301F-11D3-BF4B-00C04F79EFBC}") = "Biblia.Android", "Biblia\Biblia.Android\Biblia.Android.csproj", "{8E62A4A9-C49B-4354-A179-3ACCCA50256C}"
EndProject
Project("{FAE04EC0-301F-11D3-BF4B-00C04F79EFBC}") = "Biblia.iOS", "Biblia\Biblia.iOS\Biblia.iOS.csproj", "{6E30B069-C940-4DEE-897C-8C6F457C1E9A}"
EndProject
Project("{FAE04EC0-301F-11D3-BF4B-00C04F79EFBC}") = "Biblia", "Biblia\Biblia\Biblia.csproj", "{32C9506E-BBE6-4637-ADE9-8BD731AE6EEB}"
EndProject
Global
	GlobalSection(SolutionConfigurationPlatforms) = preSolution
		Ad-Hoc|Any CPU = Ad-Hoc|Any CPU
		Ad-Hoc|iPhone = Ad-Hoc|iPhone
		Ad-Hoc|iPhoneSimulator = Ad-Hoc|iPhoneSimulator
		AppStore|Any CPU = AppStore|Any CPU
		AppStore|iPhone = AppStore|iPhone
		AppStore|iPhoneSimulator = AppStore|iPhoneSimulator
		Debug|Any CPU = Debug|Any CPU
		Debug|iPhone = Debug|iPhone
		Debug|iPhoneSimulator = Debug|iPhoneSimulator
		Release|Any CPU = Release|Any CPU
		Release|iPhone = Release|iPhone
		Release|iPhoneSimulator = Release|iPhoneSimulator
	EndGlobalSection
	GlobalSection(ProjectConfigurationPlatforms) = postSolution
		{8E62A4A9-C49B-4354-A179-3ACCCA50256C}.Ad-Hoc|Any CPU.ActiveCfg = Release|Any CPU
		{8E62A4A9-C49B-4354-A179-3ACCCA50256C}.Ad-Hoc|Any CPU.Build.0 = Release|Any CPU
		{8E62A4A9-C49B-4354-A179-3ACCCA50256C}.Ad-Hoc|Any CPU.Deploy.0 = Release|Any CPU
		{8E62A4A9-C49B-4354-A179-3ACCCA50256C}.Ad-Hoc|iPhone.ActiveCfg = Release|Any CPU
		{8E62A4A9-C49B-4354-A179-3ACCCA50256C}.Ad-Hoc|iPhone.Build.0 = Release|Any CPU
		{8E62A4A9-C49B-4354-A179-3ACCCA50256C}.Ad-Hoc|iPhone.Deploy.0 = Release|Any CPU
		{8E62A4A9-C49B-4354-A179-3ACCCA50256C}.Ad-Hoc|iPhoneSimulator.ActiveCfg = Release|Any CPU
		{8E62A4A9-C49B-4354-A179-3ACCCA50256C}.Ad-Hoc|iPhoneSimulator.Build.0 = Release|Any CPU
		{8E62A4A9-C49B-4354-A179-3ACCCA50256C}.Ad-Hoc|iPhoneSimulator.Deploy.0 = Release|Any CPU
		{8E62A4A9-C49B-4354-A179-3ACCCA50256C}.AppStore|Any CPU.ActiveCfg = Release|Any CPU
		{8E62A4A9-C49B-4354-A179-3ACCCA50256C}.AppStore|Any CPU.Build.0 = Release|Any CPU
		{8E62A4A9-C49B-4354-A179-3ACCCA50256C}.AppStore|Any CPU.Deploy.0 = Release|Any CPU
		{8E62A4A9-C49B-4354-A179-3ACCCA50256C}.AppStore|iPhone.ActiveCfg = Release|Any CPU
		{8E62A4A9-C49B-4354-A179-3ACCCA50256C}.AppStore|iPhone.Build.0 = Release|Any CPU
		{8E62A4A9-C49B-4354-A179-3ACCCA50256C}.AppStore|iPhone.Deploy.0 = Release|Any CPU
		{8E62A4A9-C49B-4354-A179-3ACCCA50256C}.AppStore|iPhoneSimulator.ActiveCfg = Release|Any CPU
		{8E62A4A9-C49B-4354-A179-3ACCCA50256C}.AppStore|iPhoneSimulator.Build.0 = Release|Any CPU
		{8E62A4A9-C49B-4354-A179-3ACCCA50256C}.AppStore|iPhoneSimulator.Deploy.0 = Release|Any CPU
		{8E62A4A9-C49B-4354-A179-3ACCCA50256C}.Debug|Any CPU.ActiveCfg = Debug|Any CPU
		{8E62A4A9-C49B-4354-A179-3ACCCA50256C}.Debug|Any CPU.Build.0 = Debug|Any CPU
		{8E62A4A9-C49B-4354-A179-3ACCCA50256C}.Debug|Any CPU.Deploy.0 = Debug|Any CPU
		{8E62A4A9-C49B-4354-A179-3ACCCA50256C}.Debug|iPhone.ActiveCfg = Debug|Any CPU
		{8E62A4A9-C49B-4354-A179-3ACCCA50256C}.Debug|iPhone.Build.0 = Debug|Any CPU
		{8E62A4A9-C49B-4354-A179-3ACCCA50256C}.Debug|iPhone.Deploy.0 = Debug|Any CPU
		{8E62A4A9-C49B-4354-A179-3ACCCA50256C}.Debug|iPhoneSimulator.ActiveCfg = Debug|Any CPU
		{8E62A4A9-C49B-4354-A179-3ACCCA50256C}.Debug|iPhoneSimulator.Build.0 = Debug|Any CPU
		{8E62A4A9-C49B-4354-A179-3ACCCA50256C}.Debug|iPhoneSimulator.Deploy.0 = Debug|Any CPU
		{8E62A4A9-C49B-4354-A179-3ACCCA50256C}.Release|Any CPU.ActiveCfg = Release|Any CPU
		{8E62A4A9-C49B-4354-A179-3ACCCA50256C}.Release|Any CPU.Build.0 = Release|Any CPU
		{8E62A4A9-C49B-4354-A179-3ACCCA50256C}.Release|Any CPU.Deploy.0 = Release|Any CPU
		{8E62A4A9-C49B-4354-A179-3ACCCA50256C}.Release|iPhone.ActiveCfg = Release|Any CPU
		{8E62A4A9-C49B-4354-A179-3ACCCA50256C}.Release|iPhone.Build.0 = Release|Any CPU
		{8E62A4A9-C49B-4354-A179-3ACCCA50256C}.Release|iPhone.Deploy.0 = Release|Any CPU
		{8E62A4A9-C49B-4354-A179-3ACCCA50256C}.Release|iPhoneSimulator.ActiveCfg = Release|Any CPU
		{8E62A4A9-C49B-4354-A179-3ACCCA50256C}.Release|iPhoneSimulator.Build.0 = Release|Any CPU
		{8E62A4A9-C49B-4354-A179-3ACCCA50256C}.Release|iPhoneSimulator.Deploy.0 = Release|Any CPU
		{6E30B069-C940-4DEE-897C-8C6F457C1E9A}.Ad-Hoc|Any CPU.ActiveCfg = Ad-Hoc|iPhone
		{6E30B069-C940-4DEE-897C-8C6F457C1E9A}.Ad-Hoc|Any CPU.Build.0 = Ad-Hoc|iPhone
		{6E30B069-C940-4DEE-897C-8C6F457C1E9A}.Ad-Hoc|Any CPU.Deploy.0 = Ad-Hoc|iPhone
		{6E30B069-C940-4DEE-897C-8C6F457C1E9A}.Ad-Hoc|iPhone.ActiveCfg = Ad-Hoc|iPhone
		{6E30B069-C940-4DEE-897C-8C6F457C1E9A}.Ad-Hoc|iPhone.Build.0 = Ad-Hoc|iPhone
		{6E30B069-C940-4DEE-897C-8C6F457C1E9A}.Ad-Hoc|iPhone.Deploy.0 = Ad-Hoc|iPhone
		{6E30B069-C940-4DEE-897C-8C6F457C1E9A}.Ad-Hoc|iPhoneSimulator.ActiveCfg = Ad-Hoc|iPhoneSimulator
		{6E30B069-C940-4DEE-897C-8C6F457C1E9A}.Ad-Hoc|iPhoneSimulator.Build.0 = Ad-Hoc|iPhoneSimulator
		{6E30B069-C940-4DEE-897C-8C6F457C1E9A}.Ad-Hoc|iPhoneSimulator.Deploy.0 = Ad-Hoc|iPhoneSimulator
		{6E30B069-C940-4DEE-897C-8C6F457C1E9A}.AppStore|Any CPU.ActiveCfg = AppStore|iPhone
		{6E30B069-C940-4DEE-897C-8C6F457C1E9A}.AppStore|Any CPU.Build.0 = AppStore|iPhone
		{6E30B069-C940-4DEE-897C-8C6F457C1E9A}.AppStore|Any CPU.Deploy.0 = AppStore|iPhone
		{6E30B069-C940-4DEE-897C-8C6F457C1E9A}.AppStore|iPhone.ActiveCfg = AppStore|iPhone
		{6E30B069-C940-4DEE-897C-8C6F457C1E9A}.AppStore|iPhone.Build.0 = AppStore|iPhone
		{6E30B069-C940-4DEE-897C-8C6F457C1E9A}.AppStore|iPhone.Deploy.0 = AppStore|iPhone
		{6E30B069-C940-4DEE-897C-8C6F457C1E9A}.AppStore|iPhoneSimulator.ActiveCfg = AppStore|iPhoneSimulator
		{6E30B069-C940-4DEE-897C-8C6F457C1E9A}.AppStore|iPhoneSimulator.Build.0 = AppStore|iPhoneSimulator
		{6E30B069-C940-4DEE-897C-8C6F457C1E9A}.AppStore|iPhoneSimulator.Deploy.0 = AppStore|iPhoneSimulator
		{6E30B069-C940-4DEE-897C-8C6F457C1E9A}.Debug|Any CPU.ActiveCfg = Debug|iPhoneSimulator
		{6E30B069-C940-4DEE-897C-8C6F457C1E9A}.Debug|Any CPU.Build.0 = Debug|iPhoneSimulator
		{6E30B069-C940-4DEE-897C-8C6F457C1E9A}.Debug|Any CPU.Deploy.0 = Debug|iPhoneSimulator
		{6E30B069-C940-4DEE-897C-8C6F457C1E9A}.Debug|iPhone.ActiveCfg = Debug|iPhone
		{6E30B069-C940-4DEE-897C-8C6F457C1E9A}.Debug|iPhone.Build.0 = Debug|iPhone
		{6E30B069-C940-4DEE-897C-8C6F457C1E9A}.Debug|iPhone.Deploy.0 = Debug|iPhone
		{6E30B069-C940-4DEE-897C-8C6F457C1E9A}.Debug|iPhoneSimulator.ActiveCfg = Debug|iPhoneSimulator
		{6E30B069-C940-4DEE-897C-8C6F457C1E9A}.Debug|iPhoneSimulator.Build.0 = Debug|iPhoneSimulator
		{6E30B069-C940-4DEE-897C-8C6F457C1E9A}.Debug|iPhoneSimulator.Deploy.0 = Debug|iPhoneSimulator
		{6E30B069-C940-4DEE-897C-8C6F457C1E9A}.Release|Any CPU.ActiveCfg = Release|iPhone
		{6E30B069-C940-4DEE-897C-8C6F457C1E9A}.Release|Any CPU.Build.0 = Release|iPhone
		{6E30B069-C940-4DEE-897C-8C6F457C1E9A}.Release|Any CPU.Deploy.0 = Release|iPhone
		{6E30B069-C940-4DEE-897C-8C6F457C1E9A}.Release|iPhone.ActiveCfg = Release|iPhone
		{6E30B069-C940-4DEE-897C-8C6F457C1E9A}.Release|iPhone.Build.0 = Release|iPhone
		{6E30B069-C940-4DEE-897C-8C6F457C1E9A}.Release|iPhone.Deploy.0 = Release|iPhone
		{6E30B069-C940-4DEE-897C-8C6F457C1E9A}.Release|iPhoneSimulator.ActiveCfg = Release|iPhoneSimulator
		{6E30B069-C940-4DEE-897C-8C6F457C1E9A}.Release|iPhoneSimulator.Build.0 = Release|iPhoneSimulator
		{6E30B069-C940-4DEE-897C-8C6F457C1E9A}.Release|iPhoneSimulator.Deploy.0 = Release|iPhoneSimulator
		{32C9506E-BBE6-4637-ADE9-8BD731AE6EEB}.Ad-Hoc|Any CPU.ActiveCfg = Debug|Any CPU
		{32C9506E-BBE6-4637-ADE9-8BD731AE6EEB}.Ad-Hoc|Any CPU.Build.0 = Debug|Any CPU
		{32C9506E-BBE6-4637-ADE9-8BD731AE6EEB}.Ad-Hoc|Any CPU.Deploy.0 = Debug|Any CPU
		{32C9506E-BBE6-4637-ADE9-8BD731AE6EEB}.Ad-Hoc|iPhone.ActiveCfg = Debug|Any CPU
		{32C9506E-BBE6-4637-ADE9-8BD731AE6EEB}.Ad-Hoc|iPhone.Build.0 = Debug|Any CPU
		{32C9506E-BBE6-4637-ADE9-8BD731AE6EEB}.Ad-Hoc|iPhone.Deploy.0 = Debug|Any CPU
		{32C9506E-BBE6-4637-ADE9-8BD731AE6EEB}.Ad-Hoc|iPhoneSimulator.ActiveCfg = Debug|Any CPU
		{32C9506E-BBE6-4637-ADE9-8BD731AE6EEB}.Ad-Hoc|iPhoneSimulator.Build.0 = Debug|Any CPU
		{32C9506E-BBE6-4637-ADE9-8BD731AE6EEB}.Ad-Hoc|iPhoneSimulator.Deploy.0 = Debug|Any CPU
		{32C9506E-BBE6-4637-ADE9-8BD731AE6EEB}.AppStore|Any CPU.ActiveCfg = Debug|Any CPU
		{32C9506E-BBE6-4637-ADE9-8BD731AE6EEB}.AppStore|Any CPU.Build.0 = Debug|Any CPU
		{32C9506E-BBE6-4637-ADE9-8BD731AE6EEB}.AppStore|Any CPU.Deploy.0 = Debug|Any CPU
		{32C9506E-BBE6-4637-ADE9-8BD731AE6EEB}.AppStore|iPhone.ActiveCfg = Debug|Any CPU
		{32C9506E-BBE6-4637-ADE9-8BD731AE6EEB}.AppStore|iPhone.Build.0 = Debug|Any CPU
		{32C9506E-BBE6-4637-ADE9-8BD731AE6EEB}.AppStore|iPhone.Deploy.0 = Debug|Any CPU
		{32C9506E-BBE6-4637-ADE9-8BD731AE6EEB}.AppStore|iPhoneSimulator.ActiveCfg = Debug|Any CPU
		{32C9506E-BBE6-4637-ADE9-8BD731AE6EEB}.AppStore|iPhoneSimulator.Build.0 = Debug|Any CPU
		{32C9506E-BBE6-4637-ADE9-8BD731AE6EEB}.AppStore|iPhoneSimulator.Deploy.0 = Debug|Any CPU
		{32C9506E-BBE6-4637-ADE9-8BD731AE6EEB}.Debug|Any CPU.ActiveCfg = Debug|Any CPU
		{32C9506E-BBE6-4637-ADE9-8BD731AE6EEB}.Debug|Any CPU.Build.0 = Debug|Any CPU
		{32C9506E-BBE6-4637-ADE9-8BD731AE6EEB}.Debug|Any CPU.Deploy.0 = Debug|Any CPU
		{32C9506E-BBE6-4637-ADE9-8BD731AE6EEB}.Debug|iPhone.ActiveCfg = Debug|Any CPU
		{32C9506E-BBE6-4637-ADE9-8BD731AE6EEB}.Debug|iPhone.Build.0 = Debug|Any CPU
		{32C9506E-BBE6-4637-ADE9-8BD731AE6EEB}.Debug|iPhone.Deploy.0 = Debug|Any CPU
		{32C9506E-BBE6-4637-ADE9-8BD731AE6EEB}.Debug|iPhoneSimulator.ActiveCfg = Debug|Any CPU
		{32C9506E-BBE6-4637-ADE9-8BD731AE6EEB}.Debug|iPhoneSimulator.Build.0 = Debug|Any CPU
		{32C9506E-BBE6-4637-ADE9-8BD731AE6EEB}.Debug|iPhoneSimulator.Deploy.0 = Debug|Any CPU
		{32C9506E-BBE6-4637-ADE9-8BD731AE6EEB}.Release|Any CPU.ActiveCfg = Release|Any CPU
		{32C9506E-BBE6-4637-ADE9-8BD731AE6EEB}.Release|Any CPU.Build.0 = Release|Any CPU
		{32C9506E-BBE6-4637-ADE9-8BD731AE6EEB}.Release|Any CPU.Deploy.0 = Release|Any CPU
		{32C9506E-BBE6-4637-ADE9-8BD731AE6EEB}.Release|iPhone.ActiveCfg = Release|Any CPU
		{32C9506E-BBE6-4637-ADE9-8BD731AE6EEB}.Release|iPhone.Build.0 = Release|Any CPU
		{32C9506E-BBE6-4637-ADE9-8BD731AE6EEB}.Release|iPhone.Deploy.0 = Release|Any CPU
		{32C9506E-BBE6-4637-ADE9-8BD731AE6EEB}.Release|iPhoneSimulator.ActiveCfg = Release|Any CPU
		{32C9506E-BBE6-4637-ADE9-8BD731AE6EEB}.Release|iPhoneSimulator.Build.0 = Release|Any CPU
		{32C9506E-BBE6-4637-ADE9-8BD731AE6EEB}.Release|iPhoneSimulator.Deploy.0 = Release|Any CPU
	EndGlobalSection
	GlobalSection(SolutionProperties) = preSolution
		HideSolutionNode = FALSE
	EndGlobalSection
	GlobalSection(ExtensibilityGlobals) = postSolution
		SolutionGuid = {7AACEDE7-3603-40EF-B150-369314FBD544}
	EndGlobalSection
EndGlobal
